// !$*UTF8*$!
{
	archiveVersion = 1;
	classes = {
	};
	objectVersion = 55;
	objects = {

/* Begin PBXBuildFile section */
		184F7E1B2AB5E5120054D8B1 /* Config.swift in Sources */ = {isa = PBXBuildFile; fileRef = 184F7E1A2AB5E5120054D8B1 /* Config.swift */; };
		184F7E212AB601CF0054D8B1 /* RealmDb.swift in Sources */ = {isa = PBXBuildFile; fileRef = 184F7E202AB601CF0054D8B1 /* RealmDb.swift */; };
		184F7E232AB6024F0054D8B1 /* MovieRO.swift in Sources */ = {isa = PBXBuildFile; fileRef = 184F7E222AB6024F0054D8B1 /* MovieRO.swift */; };
		184F7E252AB6025C0054D8B1 /* MovieDAO.swift in Sources */ = {isa = PBXBuildFile; fileRef = 184F7E242AB6025C0054D8B1 /* MovieDAO.swift */; };
		184F7E2C2AB626390054D8B1 /* MovieServiceTest.swift in Sources */ = {isa = PBXBuildFile; fileRef = 184F7E2B2AB626390054D8B1 /* MovieServiceTest.swift */; };
		187F69ED2AB59CC8005D0490 /* AppDelegate.swift in Sources */ = {isa = PBXBuildFile; fileRef = 187F69EC2AB59CC8005D0490 /* AppDelegate.swift */; };
		187F69EF2AB59CC8005D0490 /* SceneDelegate.swift in Sources */ = {isa = PBXBuildFile; fileRef = 187F69EE2AB59CC8005D0490 /* SceneDelegate.swift */; };
		187F69F42AB59CC8005D0490 /* Main.storyboard in Resources */ = {isa = PBXBuildFile; fileRef = 187F69F22AB59CC8005D0490 /* Main.storyboard */; };
		187F69F62AB59CCA005D0490 /* Assets.xcassets in Resources */ = {isa = PBXBuildFile; fileRef = 187F69F52AB59CCA005D0490 /* Assets.xcassets */; };
		187F69F92AB59CCA005D0490 /* LaunchScreen.storyboard in Resources */ = {isa = PBXBuildFile; fileRef = 187F69F72AB59CCA005D0490 /* LaunchScreen.storyboard */; };
		187F6A042AB59CCB005D0490 /* Modern_IOS_ArhitectureTests.swift in Sources */ = {isa = PBXBuildFile; fileRef = 187F6A032AB59CCB005D0490 /* Modern_IOS_ArhitectureTests.swift */; };
		187F6A0E2AB59CCB005D0490 /* Modern_IOS_ArhitectureUITests.swift in Sources */ = {isa = PBXBuildFile; fileRef = 187F6A0D2AB59CCB005D0490 /* Modern_IOS_ArhitectureUITests.swift */; };
		187F6A102AB59CCB005D0490 /* Modern_IOS_ArhitectureUITestsLaunchTests.swift in Sources */ = {isa = PBXBuildFile; fileRef = 187F6A0F2AB59CCB005D0490 /* Modern_IOS_ArhitectureUITestsLaunchTests.swift */; };
		187F6A1E2AB59D52005D0490 /* ColorExtension.swift in Sources */ = {isa = PBXBuildFile; fileRef = 187F6A1D2AB59D52005D0490 /* ColorExtension.swift */; };
		18A260862AB5AA8000836F2B /* HomeVC.swift in Sources */ = {isa = PBXBuildFile; fileRef = 18A260842AB5AA8000836F2B /* HomeVC.swift */; };
		18A260872AB5AA8000836F2B /* HomeVC.xib in Resources */ = {isa = PBXBuildFile; fileRef = 18A260852AB5AA8000836F2B /* HomeVC.xib */; };
		18A260892AB5AADB00836F2B /* HomeModuleBuilder.swift in Sources */ = {isa = PBXBuildFile; fileRef = 18A260882AB5AADB00836F2B /* HomeModuleBuilder.swift */; };
		18A2608C2AB5ABD100836F2B /* NavigationBuilder.swift in Sources */ = {isa = PBXBuildFile; fileRef = 18A2608B2AB5ABD100836F2B /* NavigationBuilder.swift */; };
		18A260912AB5B15300836F2B /* MovieCell.swift in Sources */ = {isa = PBXBuildFile; fileRef = 18A2608F2AB5B15300836F2B /* MovieCell.swift */; };
		18A260922AB5B15300836F2B /* MovieCell.xib in Resources */ = {isa = PBXBuildFile; fileRef = 18A260902AB5B15300836F2B /* MovieCell.xib */; };
		18A260952AB5BC5E00836F2B /* CardView.swift in Sources */ = {isa = PBXBuildFile; fileRef = 18A260942AB5BC5E00836F2B /* CardView.swift */; };
		18A260972AB5BD6000836F2B /* CustomeImageView.swift in Sources */ = {isa = PBXBuildFile; fileRef = 18A260962AB5BD6000836F2B /* CustomeImageView.swift */; };
		18A2609D2AB5C93400836F2B /* MovieDetailVC.swift in Sources */ = {isa = PBXBuildFile; fileRef = 18A2609B2AB5C93400836F2B /* MovieDetailVC.swift */; };
		18A2609E2AB5C93400836F2B /* MovieDetailVC.xib in Resources */ = {isa = PBXBuildFile; fileRef = 18A2609C2AB5C93400836F2B /* MovieDetailVC.xib */; };
		18A260A02AB5C99A00836F2B /* MovieDetailPresenter.swift in Sources */ = {isa = PBXBuildFile; fileRef = 18A2609F2AB5C99A00836F2B /* MovieDetailPresenter.swift */; };
		18A260A22AB5C9B800836F2B /* MovieRouter.swift in Sources */ = {isa = PBXBuildFile; fileRef = 18A260A12AB5C9B800836F2B /* MovieRouter.swift */; };
		18A260A42AB5CA1F00836F2B /* MovieDetailModuleBuilder.swift in Sources */ = {isa = PBXBuildFile; fileRef = 18A260A32AB5CA1F00836F2B /* MovieDetailModuleBuilder.swift */; };
		18A260A62AB5CB4D00836F2B /* HomePresenter.swift in Sources */ = {isa = PBXBuildFile; fileRef = 18A260A52AB5CB4D00836F2B /* HomePresenter.swift */; };
		18A260A82AB5CB6300836F2B /* HomeRouter.swift in Sources */ = {isa = PBXBuildFile; fileRef = 18A260A72AB5CB6300836F2B /* HomeRouter.swift */; };
		18A260AB2AB5CEFA00836F2B /* MovieIntractor.swift in Sources */ = {isa = PBXBuildFile; fileRef = 18A260AA2AB5CEFA00836F2B /* MovieIntractor.swift */; };
		18A260B12AB5CFA000836F2B /* HttpService.swift in Sources */ = {isa = PBXBuildFile; fileRef = 18A260B02AB5CFA000836F2B /* HttpService.swift */; };
		18A260B32AB5CFAF00836F2B /* HttpRouter.swift in Sources */ = {isa = PBXBuildFile; fileRef = 18A260B22AB5CFAF00836F2B /* HttpRouter.swift */; };
		18A260B62AB5CFFD00836F2B /* MovieAPIs.swift in Sources */ = {isa = PBXBuildFile; fileRef = 18A260B52AB5CFFD00836F2B /* MovieAPIs.swift */; };
		18A260B82AB5D02600836F2B /* MovieService.swift in Sources */ = {isa = PBXBuildFile; fileRef = 18A260B72AB5D02600836F2B /* MovieService.swift */; };
		18A260BA2AB5D09F00836F2B /* MovieHttpRouter.swift in Sources */ = {isa = PBXBuildFile; fileRef = 18A260B92AB5D09F00836F2B /* MovieHttpRouter.swift */; };
		18A260BD2AB5D0C800836F2B /* MovieHttpService.swift in Sources */ = {isa = PBXBuildFile; fileRef = 18A260BC2AB5D0C800836F2B /* MovieHttpService.swift */; };
		18A260BF2AB5D21400836F2B /* MovieModel.swift in Sources */ = {isa = PBXBuildFile; fileRef = 18A260BE2AB5D21400836F2B /* MovieModel.swift */; };
		18A260C22AB5E47E00836F2B /* ProgressHUD.swift in Sources */ = {isa = PBXBuildFile; fileRef = 18A260C12AB5E47E00836F2B /* ProgressHUD.swift */; };
		6EEC3EB88AB819FC8D4C9345 /* Pods_Modern_IOS_ArhitectureTests.framework in Frameworks */ = {isa = PBXBuildFile; fileRef = 92A80190871386B4D6E714B7 /* Pods_Modern_IOS_ArhitectureTests.framework */; };
		B26046E8B97A47AB9B5EBE74 /* Pods_Modern_IOS_Arhitecture_Modern_IOS_ArhitectureUITests.framework in Frameworks */ = {isa = PBXBuildFile; fileRef = E0B4FAE34854DC770D942FFD /* Pods_Modern_IOS_Arhitecture_Modern_IOS_ArhitectureUITests.framework */; };
		D6BC3970FDF45A7EF1CFCA5E /* Pods_Modern_IOS_Arhitecture.framework in Frameworks */ = {isa = PBXBuildFile; fileRef = 03CD77A5C2A4D05125579651 /* Pods_Modern_IOS_Arhitecture.framework */; };
/* End PBXBuildFile section */

/* Begin PBXContainerItemProxy section */
		187F6A002AB59CCB005D0490 /* PBXContainerItemProxy */ = {
			isa = PBXContainerItemProxy;
			containerPortal = 187F69E12AB59CC8005D0490 /* Project object */;
			proxyType = 1;
			remoteGlobalIDString = 187F69E82AB59CC8005D0490;
			remoteInfo = "Modern-IOS-Arhitecture";
		};
		187F6A0A2AB59CCB005D0490 /* PBXContainerItemProxy */ = {
			isa = PBXContainerItemProxy;
			containerPortal = 187F69E12AB59CC8005D0490 /* Project object */;
			proxyType = 1;
			remoteGlobalIDString = 187F69E82AB59CC8005D0490;
			remoteInfo = "Modern-IOS-Arhitecture";
		};
/* End PBXContainerItemProxy section */

/* Begin PBXFileReference section */
		03CD77A5C2A4D05125579651 /* Pods_Modern_IOS_Arhitecture.framework */ = {isa = PBXFileReference; explicitFileType = wrapper.framework; includeInIndex = 0; path = Pods_Modern_IOS_Arhitecture.framework; sourceTree = BUILT_PRODUCTS_DIR; };
		04F2F3A79B7AF3157733FD6E /* Pods-Modern-IOS-Arhitecture-Modern-IOS-ArhitectureUITests.release.xcconfig */ = {isa = PBXFileReference; includeInIndex = 1; lastKnownFileType = text.xcconfig; name = "Pods-Modern-IOS-Arhitecture-Modern-IOS-ArhitectureUITests.release.xcconfig"; path = "Target Support Files/Pods-Modern-IOS-Arhitecture-Modern-IOS-ArhitectureUITests/Pods-Modern-IOS-Arhitecture-Modern-IOS-ArhitectureUITests.release.xcconfig"; sourceTree = "<group>"; };
		184F7E1A2AB5E5120054D8B1 /* Config.swift */ = {isa = PBXFileReference; lastKnownFileType = sourcecode.swift; path = Config.swift; sourceTree = "<group>"; };
		184F7E202AB601CF0054D8B1 /* RealmDb.swift */ = {isa = PBXFileReference; lastKnownFileType = sourcecode.swift; path = RealmDb.swift; sourceTree = "<group>"; };
		184F7E222AB6024F0054D8B1 /* MovieRO.swift */ = {isa = PBXFileReference; lastKnownFileType = sourcecode.swift; path = MovieRO.swift; sourceTree = "<group>"; };
		184F7E242AB6025C0054D8B1 /* MovieDAO.swift */ = {isa = PBXFileReference; lastKnownFileType = sourcecode.swift; path = MovieDAO.swift; sourceTree = "<group>"; };
		184F7E2B2AB626390054D8B1 /* MovieServiceTest.swift */ = {isa = PBXFileReference; lastKnownFileType = sourcecode.swift; path = MovieServiceTest.swift; sourceTree = "<group>"; };
		187F69E92AB59CC8005D0490 /* Modern-IOS-Arhitecture.app */ = {isa = PBXFileReference; explicitFileType = wrapper.application; includeInIndex = 0; path = "Modern-IOS-Arhitecture.app"; sourceTree = BUILT_PRODUCTS_DIR; };
		187F69EC2AB59CC8005D0490 /* AppDelegate.swift */ = {isa = PBXFileReference; lastKnownFileType = sourcecode.swift; path = AppDelegate.swift; sourceTree = "<group>"; };
		187F69EE2AB59CC8005D0490 /* SceneDelegate.swift */ = {isa = PBXFileReference; lastKnownFileType = sourcecode.swift; path = SceneDelegate.swift; sourceTree = "<group>"; };
		187F69F32AB59CC8005D0490 /* Base */ = {isa = PBXFileReference; lastKnownFileType = file.storyboard; name = Base; path = Base.lproj/Main.storyboard; sourceTree = "<group>"; };
		187F69F52AB59CCA005D0490 /* Assets.xcassets */ = {isa = PBXFileReference; lastKnownFileType = folder.assetcatalog; path = Assets.xcassets; sourceTree = "<group>"; };
		187F69F82AB59CCA005D0490 /* Base */ = {isa = PBXFileReference; lastKnownFileType = file.storyboard; name = Base; path = Base.lproj/LaunchScreen.storyboard; sourceTree = "<group>"; };
		187F69FA2AB59CCA005D0490 /* Info.plist */ = {isa = PBXFileReference; lastKnownFileType = text.plist.xml; path = Info.plist; sourceTree = "<group>"; };
		187F69FF2AB59CCB005D0490 /* Modern-IOS-ArhitectureTests.xctest */ = {isa = PBXFileReference; explicitFileType = wrapper.cfbundle; includeInIndex = 0; path = "Modern-IOS-ArhitectureTests.xctest"; sourceTree = BUILT_PRODUCTS_DIR; };
		187F6A032AB59CCB005D0490 /* Modern_IOS_ArhitectureTests.swift */ = {isa = PBXFileReference; lastKnownFileType = sourcecode.swift; path = Modern_IOS_ArhitectureTests.swift; sourceTree = "<group>"; };
		187F6A092AB59CCB005D0490 /* Modern-IOS-ArhitectureUITests.xctest */ = {isa = PBXFileReference; explicitFileType = wrapper.cfbundle; includeInIndex = 0; path = "Modern-IOS-ArhitectureUITests.xctest"; sourceTree = BUILT_PRODUCTS_DIR; };
		187F6A0D2AB59CCB005D0490 /* Modern_IOS_ArhitectureUITests.swift */ = {isa = PBXFileReference; lastKnownFileType = sourcecode.swift; path = Modern_IOS_ArhitectureUITests.swift; sourceTree = "<group>"; };
		187F6A0F2AB59CCB005D0490 /* Modern_IOS_ArhitectureUITestsLaunchTests.swift */ = {isa = PBXFileReference; lastKnownFileType = sourcecode.swift; path = Modern_IOS_ArhitectureUITestsLaunchTests.swift; sourceTree = "<group>"; };
		187F6A1D2AB59D52005D0490 /* ColorExtension.swift */ = {isa = PBXFileReference; fileEncoding = 4; lastKnownFileType = sourcecode.swift; path = ColorExtension.swift; sourceTree = "<group>"; };
		18A260842AB5AA8000836F2B /* HomeVC.swift */ = {isa = PBXFileReference; lastKnownFileType = sourcecode.swift; path = HomeVC.swift; sourceTree = "<group>"; };
		18A260852AB5AA8000836F2B /* HomeVC.xib */ = {isa = PBXFileReference; lastKnownFileType = file.xib; path = HomeVC.xib; sourceTree = "<group>"; };
		18A260882AB5AADB00836F2B /* HomeModuleBuilder.swift */ = {isa = PBXFileReference; lastKnownFileType = sourcecode.swift; path = HomeModuleBuilder.swift; sourceTree = "<group>"; };
		18A2608B2AB5ABD100836F2B /* NavigationBuilder.swift */ = {isa = PBXFileReference; lastKnownFileType = sourcecode.swift; path = NavigationBuilder.swift; sourceTree = "<group>"; };
		18A2608F2AB5B15300836F2B /* MovieCell.swift */ = {isa = PBXFileReference; lastKnownFileType = sourcecode.swift; path = MovieCell.swift; sourceTree = "<group>"; };
		18A260902AB5B15300836F2B /* MovieCell.xib */ = {isa = PBXFileReference; lastKnownFileType = file.xib; path = MovieCell.xib; sourceTree = "<group>"; };
		18A260942AB5BC5E00836F2B /* CardView.swift */ = {isa = PBXFileReference; lastKnownFileType = sourcecode.swift; path = CardView.swift; sourceTree = "<group>"; };
		18A260962AB5BD6000836F2B /* CustomeImageView.swift */ = {isa = PBXFileReference; lastKnownFileType = sourcecode.swift; path = CustomeImageView.swift; sourceTree = "<group>"; };
		18A2609B2AB5C93400836F2B /* MovieDetailVC.swift */ = {isa = PBXFileReference; lastKnownFileType = sourcecode.swift; path = MovieDetailVC.swift; sourceTree = "<group>"; };
		18A2609C2AB5C93400836F2B /* MovieDetailVC.xib */ = {isa = PBXFileReference; lastKnownFileType = file.xib; path = MovieDetailVC.xib; sourceTree = "<group>"; };
		18A2609F2AB5C99A00836F2B /* MovieDetailPresenter.swift */ = {isa = PBXFileReference; lastKnownFileType = sourcecode.swift; path = MovieDetailPresenter.swift; sourceTree = "<group>"; };
		18A260A12AB5C9B800836F2B /* MovieRouter.swift */ = {isa = PBXFileReference; lastKnownFileType = sourcecode.swift; path = MovieRouter.swift; sourceTree = "<group>"; };
		18A260A32AB5CA1F00836F2B /* MovieDetailModuleBuilder.swift */ = {isa = PBXFileReference; lastKnownFileType = sourcecode.swift; path = MovieDetailModuleBuilder.swift; sourceTree = "<group>"; };
		18A260A52AB5CB4D00836F2B /* HomePresenter.swift */ = {isa = PBXFileReference; lastKnownFileType = sourcecode.swift; path = HomePresenter.swift; sourceTree = "<group>"; };
		18A260A72AB5CB6300836F2B /* HomeRouter.swift */ = {isa = PBXFileReference; lastKnownFileType = sourcecode.swift; path = HomeRouter.swift; sourceTree = "<group>"; };
		18A260AA2AB5CEFA00836F2B /* MovieIntractor.swift */ = {isa = PBXFileReference; lastKnownFileType = sourcecode.swift; path = MovieIntractor.swift; sourceTree = "<group>"; };
		18A260B02AB5CFA000836F2B /* HttpService.swift */ = {isa = PBXFileReference; lastKnownFileType = sourcecode.swift; path = HttpService.swift; sourceTree = "<group>"; };
		18A260B22AB5CFAF00836F2B /* HttpRouter.swift */ = {isa = PBXFileReference; lastKnownFileType = sourcecode.swift; path = HttpRouter.swift; sourceTree = "<group>"; };
		18A260B52AB5CFFD00836F2B /* MovieAPIs.swift */ = {isa = PBXFileReference; lastKnownFileType = sourcecode.swift; path = MovieAPIs.swift; sourceTree = "<group>"; };
		18A260B72AB5D02600836F2B /* MovieService.swift */ = {isa = PBXFileReference; lastKnownFileType = sourcecode.swift; path = MovieService.swift; sourceTree = "<group>"; };
		18A260B92AB5D09F00836F2B /* MovieHttpRouter.swift */ = {isa = PBXFileReference; lastKnownFileType = sourcecode.swift; path = MovieHttpRouter.swift; sourceTree = "<group>"; };
		18A260BC2AB5D0C800836F2B /* MovieHttpService.swift */ = {isa = PBXFileReference; lastKnownFileType = sourcecode.swift; path = MovieHttpService.swift; sourceTree = "<group>"; };
		18A260BE2AB5D21400836F2B /* MovieModel.swift */ = {isa = PBXFileReference; lastKnownFileType = sourcecode.swift; path = MovieModel.swift; sourceTree = "<group>"; };
		18A260C12AB5E47E00836F2B /* ProgressHUD.swift */ = {isa = PBXFileReference; fileEncoding = 4; lastKnownFileType = sourcecode.swift; path = ProgressHUD.swift; sourceTree = "<group>"; };
		40F13DE9CF5D44CF6BD5505F /* Pods-Modern-IOS-Arhitecture.release.xcconfig */ = {isa = PBXFileReference; includeInIndex = 1; lastKnownFileType = text.xcconfig; name = "Pods-Modern-IOS-Arhitecture.release.xcconfig"; path = "Target Support Files/Pods-Modern-IOS-Arhitecture/Pods-Modern-IOS-Arhitecture.release.xcconfig"; sourceTree = "<group>"; };
		707830A08B0044E6F52B0615 /* Pods-Modern-IOS-ArhitectureTests.release.xcconfig */ = {isa = PBXFileReference; includeInIndex = 1; lastKnownFileType = text.xcconfig; name = "Pods-Modern-IOS-ArhitectureTests.release.xcconfig"; path = "Target Support Files/Pods-Modern-IOS-ArhitectureTests/Pods-Modern-IOS-ArhitectureTests.release.xcconfig"; sourceTree = "<group>"; };
		92A80190871386B4D6E714B7 /* Pods_Modern_IOS_ArhitectureTests.framework */ = {isa = PBXFileReference; explicitFileType = wrapper.framework; includeInIndex = 0; path = Pods_Modern_IOS_ArhitectureTests.framework; sourceTree = BUILT_PRODUCTS_DIR; };
		A968326ABDD5D0D0FF6237DB /* Pods-Modern-IOS-ArhitectureTests.debug.xcconfig */ = {isa = PBXFileReference; includeInIndex = 1; lastKnownFileType = text.xcconfig; name = "Pods-Modern-IOS-ArhitectureTests.debug.xcconfig"; path = "Target Support Files/Pods-Modern-IOS-ArhitectureTests/Pods-Modern-IOS-ArhitectureTests.debug.xcconfig"; sourceTree = "<group>"; };
		E0B4FAE34854DC770D942FFD /* Pods_Modern_IOS_Arhitecture_Modern_IOS_ArhitectureUITests.framework */ = {isa = PBXFileReference; explicitFileType = wrapper.framework; includeInIndex = 0; path = Pods_Modern_IOS_Arhitecture_Modern_IOS_ArhitectureUITests.framework; sourceTree = BUILT_PRODUCTS_DIR; };
		E5DBD87957EDCAED4564BF3A /* Pods-Modern-IOS-Arhitecture-Modern-IOS-ArhitectureUITests.debug.xcconfig */ = {isa = PBXFileReference; includeInIndex = 1; lastKnownFileType = text.xcconfig; name = "Pods-Modern-IOS-Arhitecture-Modern-IOS-ArhitectureUITests.debug.xcconfig"; path = "Target Support Files/Pods-Modern-IOS-Arhitecture-Modern-IOS-ArhitectureUITests/Pods-Modern-IOS-Arhitecture-Modern-IOS-ArhitectureUITests.debug.xcconfig"; sourceTree = "<group>"; };
		EF2D70E8CAB55845B114E402 /* Pods-Modern-IOS-Arhitecture.debug.xcconfig */ = {isa = PBXFileReference; includeInIndex = 1; lastKnownFileType = text.xcconfig; name = "Pods-Modern-IOS-Arhitecture.debug.xcconfig"; path = "Target Support Files/Pods-Modern-IOS-Arhitecture/Pods-Modern-IOS-Arhitecture.debug.xcconfig"; sourceTree = "<group>"; };
/* End PBXFileReference section */

/* Begin PBXFrameworksBuildPhase section */
		187F69E62AB59CC8005D0490 /* Frameworks */ = {
			isa = PBXFrameworksBuildPhase;
			buildActionMask = 2147483647;
			files = (
				D6BC3970FDF45A7EF1CFCA5E /* Pods_Modern_IOS_Arhitecture.framework in Frameworks */,
			);
			runOnlyForDeploymentPostprocessing = 0;
		};
		187F69FC2AB59CCB005D0490 /* Frameworks */ = {
			isa = PBXFrameworksBuildPhase;
			buildActionMask = 2147483647;
			files = (
				6EEC3EB88AB819FC8D4C9345 /* Pods_Modern_IOS_ArhitectureTests.framework in Frameworks */,
			);
			runOnlyForDeploymentPostprocessing = 0;
		};
		187F6A062AB59CCB005D0490 /* Frameworks */ = {
			isa = PBXFrameworksBuildPhase;
			buildActionMask = 2147483647;
			files = (
				B26046E8B97A47AB9B5EBE74 /* Pods_Modern_IOS_Arhitecture_Modern_IOS_ArhitectureUITests.framework in Frameworks */,
			);
			runOnlyForDeploymentPostprocessing = 0;
		};
/* End PBXFrameworksBuildPhase section */

/* Begin PBXGroup section */
		184F7E1C2AB5E51B0054D8B1 /* Constanmt */ = {
			isa = PBXGroup;
			children = (
				184F7E1A2AB5E5120054D8B1 /* Config.swift */,
			);
			path = Constanmt;
			sourceTree = "<group>";
		};
		184F7E1D2AB6016F0054D8B1 /* Databbase */ = {
			isa = PBXGroup;
			children = (
				184F7E1F2AB601A10054D8B1 /* DAOs */,
				184F7E1E2AB601980054D8B1 /* Entities */,
				184F7E202AB601CF0054D8B1 /* RealmDb.swift */,
			);
			path = Databbase;
			sourceTree = "<group>";
		};
		184F7E1E2AB601980054D8B1 /* Entities */ = {
			isa = PBXGroup;
			children = (
				184F7E222AB6024F0054D8B1 /* MovieRO.swift */,
			);
			path = Entities;
			sourceTree = "<group>";
		};
		184F7E1F2AB601A10054D8B1 /* DAOs */ = {
			isa = PBXGroup;
			children = (
				184F7E242AB6025C0054D8B1 /* MovieDAO.swift */,
			);
			path = DAOs;
			sourceTree = "<group>";
		};
		184F7E262AB609D00054D8B1 /* Extentions */ = {
			isa = PBXGroup;
			children = (
				187F6A1D2AB59D52005D0490 /* ColorExtension.swift */,
			);
			path = Extentions;
			sourceTree = "<group>";
		};
		184F7E282AB625D70054D8B1 /* NetworkingTest */ = {
			isa = PBXGroup;
			children = (
				184F7E2A2AB6260C0054D8B1 /* ServicesTest */,
				184F7E292AB625E50054D8B1 /* EndPointTestCases */,
			);
			path = NetworkingTest;
			sourceTree = "<group>";
		};
		184F7E292AB625E50054D8B1 /* EndPointTestCases */ = {
			isa = PBXGroup;
			children = (
				187F6A032AB59CCB005D0490 /* Modern_IOS_ArhitectureTests.swift */,
			);
			path = EndPointTestCases;
			sourceTree = "<group>";
		};
		184F7E2A2AB6260C0054D8B1 /* ServicesTest */ = {
			isa = PBXGroup;
			children = (
				184F7E2B2AB626390054D8B1 /* MovieServiceTest.swift */,
			);
			path = ServicesTest;
			sourceTree = "<group>";
		};
		187F69E02AB59CC8005D0490 = {
			isa = PBXGroup;
			children = (
				187F69EB2AB59CC8005D0490 /* Modern-IOS-Arhitecture */,
				187F6A022AB59CCB005D0490 /* Modern-IOS-ArhitectureTests */,
				187F6A0C2AB59CCB005D0490 /* Modern-IOS-ArhitectureUITests */,
				187F69EA2AB59CC8005D0490 /* Products */,
				7C1138155B13B738756ABC60 /* Pods */,
				502124DCD711FC6079A15315 /* Frameworks */,
			);
			sourceTree = "<group>";
		};
		187F69EA2AB59CC8005D0490 /* Products */ = {
			isa = PBXGroup;
			children = (
				187F69E92AB59CC8005D0490 /* Modern-IOS-Arhitecture.app */,
				187F69FF2AB59CCB005D0490 /* Modern-IOS-ArhitectureTests.xctest */,
				187F6A092AB59CCB005D0490 /* Modern-IOS-ArhitectureUITests.xctest */,
			);
			name = Products;
			sourceTree = "<group>";
		};
		187F69EB2AB59CC8005D0490 /* Modern-IOS-Arhitecture */ = {
			isa = PBXGroup;
			children = (
				18A260992AB5C75C00836F2B /* Data */,
				18A260982AB5C75400836F2B /* Domain */,
				18A260812AB5AA5000836F2B /* Presentation */,
				187F6A1C2AB59D52005D0490 /* Utility */,
				187F69EC2AB59CC8005D0490 /* AppDelegate.swift */,
				187F69EE2AB59CC8005D0490 /* SceneDelegate.swift */,
				187F69F22AB59CC8005D0490 /* Main.storyboard */,
				187F69F52AB59CCA005D0490 /* Assets.xcassets */,
				187F69F72AB59CCA005D0490 /* LaunchScreen.storyboard */,
				187F69FA2AB59CCA005D0490 /* Info.plist */,
			);
			path = "Modern-IOS-Arhitecture";
			sourceTree = "<group>";
		};
		187F6A022AB59CCB005D0490 /* Modern-IOS-ArhitectureTests */ = {
			isa = PBXGroup;
			children = (
				184F7E282AB625D70054D8B1 /* NetworkingTest */,
			);
			path = "Modern-IOS-ArhitectureTests";
			sourceTree = "<group>";
		};
		187F6A0C2AB59CCB005D0490 /* Modern-IOS-ArhitectureUITests */ = {
			isa = PBXGroup;
			children = (
				187F6A0D2AB59CCB005D0490 /* Modern_IOS_ArhitectureUITests.swift */,
				187F6A0F2AB59CCB005D0490 /* Modern_IOS_ArhitectureUITestsLaunchTests.swift */,
			);
			path = "Modern-IOS-ArhitectureUITests";
			sourceTree = "<group>";
		};
		187F6A1C2AB59D52005D0490 /* Utility */ = {
			isa = PBXGroup;
			children = (
				18A260C02AB5E46D00836F2B /* loader */,
				184F7E262AB609D00054D8B1 /* Extentions */,
				184F7E1C2AB5E51B0054D8B1 /* Constanmt */,
			);
			path = Utility;
			sourceTree = "<group>";
		};
		18A260812AB5AA5000836F2B /* Presentation */ = {
			isa = PBXGroup;
			children = (
				18A260932AB5BBB200836F2B /* Customs */,
				18A260822AB5AA5B00836F2B /* Views */,
			);
			path = Presentation;
			sourceTree = "<group>";
		};
		18A260822AB5AA5B00836F2B /* Views */ = {
			isa = PBXGroup;
			children = (
				18A2609A2AB5C8DC00836F2B /* MovieDetailVC */,
				18A2608D2AB5B0EB00836F2B /* BaseViews */,
				18A2608A2AB5ABBE00836F2B /* Navigation */,
				18A260832AB5AA6500836F2B /* Home */,
			);
			path = Views;
			sourceTree = "<group>";
		};
		18A260832AB5AA6500836F2B /* Home */ = {
			isa = PBXGroup;
			children = (
				18A2608E2AB5B12800836F2B /* cells */,
				18A260842AB5AA8000836F2B /* HomeVC.swift */,
				18A260852AB5AA8000836F2B /* HomeVC.xib */,
				18A260882AB5AADB00836F2B /* HomeModuleBuilder.swift */,
				18A260A52AB5CB4D00836F2B /* HomePresenter.swift */,
				18A260A72AB5CB6300836F2B /* HomeRouter.swift */,
			);
			path = Home;
			sourceTree = "<group>";
		};
		18A2608A2AB5ABBE00836F2B /* Navigation */ = {
			isa = PBXGroup;
			children = (
				18A2608B2AB5ABD100836F2B /* NavigationBuilder.swift */,
			);
			path = Navigation;
			sourceTree = "<group>";
		};
		18A2608D2AB5B0EB00836F2B /* BaseViews */ = {
			isa = PBXGroup;
			children = (
			);
			path = BaseViews;
			sourceTree = "<group>";
		};
		18A2608E2AB5B12800836F2B /* cells */ = {
			isa = PBXGroup;
			children = (
				18A2608F2AB5B15300836F2B /* MovieCell.swift */,
				18A260902AB5B15300836F2B /* MovieCell.xib */,
			);
			path = cells;
			sourceTree = "<group>";
		};
		18A260932AB5BBB200836F2B /* Customs */ = {
			isa = PBXGroup;
			children = (
				18A260942AB5BC5E00836F2B /* CardView.swift */,
				18A260962AB5BD6000836F2B /* CustomeImageView.swift */,
			);
			path = Customs;
			sourceTree = "<group>";
		};
		18A260982AB5C75400836F2B /* Domain */ = {
			isa = PBXGroup;
			children = (
				18A260A92AB5CEDB00836F2B /* Interactor */,
			);
			path = Domain;
			sourceTree = "<group>";
		};
		18A260992AB5C75C00836F2B /* Data */ = {
			isa = PBXGroup;
			children = (
				184F7E1D2AB6016F0054D8B1 /* Databbase */,
				18A260AE2AB5CF6100836F2B /* Models */,
				18A260AD2AB5CF5800836F2B /* Network */,
				18A260AC2AB5CF4B00836F2B /* Services */,
			);
			path = Data;
			sourceTree = "<group>";
		};
		18A2609A2AB5C8DC00836F2B /* MovieDetailVC */ = {
			isa = PBXGroup;
			children = (
				18A2609B2AB5C93400836F2B /* MovieDetailVC.swift */,
				18A2609C2AB5C93400836F2B /* MovieDetailVC.xib */,
				18A2609F2AB5C99A00836F2B /* MovieDetailPresenter.swift */,
				18A260A12AB5C9B800836F2B /* MovieRouter.swift */,
				18A260A32AB5CA1F00836F2B /* MovieDetailModuleBuilder.swift */,
			);
			path = MovieDetailVC;
			sourceTree = "<group>";
		};
		18A260A92AB5CEDB00836F2B /* Interactor */ = {
			isa = PBXGroup;
			children = (
				18A260AA2AB5CEFA00836F2B /* MovieIntractor.swift */,
			);
			path = Interactor;
			sourceTree = "<group>";
		};
		18A260AC2AB5CF4B00836F2B /* Services */ = {
			isa = PBXGroup;
			children = (
				18A260B42AB5CFD000836F2B /* Movie */,
			);
			path = Services;
			sourceTree = "<group>";
		};
		18A260AD2AB5CF5800836F2B /* Network */ = {
			isa = PBXGroup;
			children = (
				18A260B02AB5CFA000836F2B /* HttpService.swift */,
				18A260B22AB5CFAF00836F2B /* HttpRouter.swift */,
			);
			path = Network;
			sourceTree = "<group>";
		};
		18A260AE2AB5CF6100836F2B /* Models */ = {
			isa = PBXGroup;
			children = (
				18A260AF2AB5CF6F00836F2B /* Movie */,
			);
			path = Models;
			sourceTree = "<group>";
		};
		18A260AF2AB5CF6F00836F2B /* Movie */ = {
			isa = PBXGroup;
			children = (
				18A260BE2AB5D21400836F2B /* MovieModel.swift */,
			);
			path = Movie;
			sourceTree = "<group>";
		};
		18A260B42AB5CFD000836F2B /* Movie */ = {
			isa = PBXGroup;
			children = (
				18A260B52AB5CFFD00836F2B /* MovieAPIs.swift */,
				18A260B72AB5D02600836F2B /* MovieService.swift */,
				18A260B92AB5D09F00836F2B /* MovieHttpRouter.swift */,
				18A260BC2AB5D0C800836F2B /* MovieHttpService.swift */,
			);
			path = Movie;
			sourceTree = "<group>";
		};
		18A260C02AB5E46D00836F2B /* loader */ = {
			isa = PBXGroup;
			children = (
				18A260C12AB5E47E00836F2B /* ProgressHUD.swift */,
			);
			path = loader;
			sourceTree = "<group>";
		};
		502124DCD711FC6079A15315 /* Frameworks */ = {
			isa = PBXGroup;
			children = (
				03CD77A5C2A4D05125579651 /* Pods_Modern_IOS_Arhitecture.framework */,
				E0B4FAE34854DC770D942FFD /* Pods_Modern_IOS_Arhitecture_Modern_IOS_ArhitectureUITests.framework */,
				92A80190871386B4D6E714B7 /* Pods_Modern_IOS_ArhitectureTests.framework */,
			);
			name = Frameworks;
			sourceTree = "<group>";
		};
		7C1138155B13B738756ABC60 /* Pods */ = {
			isa = PBXGroup;
			children = (
				EF2D70E8CAB55845B114E402 /* Pods-Modern-IOS-Arhitecture.debug.xcconfig */,
				40F13DE9CF5D44CF6BD5505F /* Pods-Modern-IOS-Arhitecture.release.xcconfig */,
				E5DBD87957EDCAED4564BF3A /* Pods-Modern-IOS-Arhitecture-Modern-IOS-ArhitectureUITests.debug.xcconfig */,
				04F2F3A79B7AF3157733FD6E /* Pods-Modern-IOS-Arhitecture-Modern-IOS-ArhitectureUITests.release.xcconfig */,
				A968326ABDD5D0D0FF6237DB /* Pods-Modern-IOS-ArhitectureTests.debug.xcconfig */,
				707830A08B0044E6F52B0615 /* Pods-Modern-IOS-ArhitectureTests.release.xcconfig */,
			);
			path = Pods;
			sourceTree = "<group>";
		};
/* End PBXGroup section */

/* Begin PBXNativeTarget section */
		187F69E82AB59CC8005D0490 /* Modern-IOS-Arhitecture */ = {
			isa = PBXNativeTarget;
			buildConfigurationList = 187F6A132AB59CCB005D0490 /* Build configuration list for PBXNativeTarget "Modern-IOS-Arhitecture" */;
			buildPhases = (
				7CF9EAE7648E38DD507E1AEA /* [CP] Check Pods Manifest.lock */,
				187F69E52AB59CC8005D0490 /* Sources */,
				187F69E62AB59CC8005D0490 /* Frameworks */,
				187F69E72AB59CC8005D0490 /* Resources */,
				3CB9E55E15DAA8561CBED58F /* [CP] Embed Pods Frameworks */,
			);
			buildRules = (
			);
			dependencies = (
			);
			name = "Modern-IOS-Arhitecture";
			productName = "Modern-IOS-Arhitecture";
			productReference = 187F69E92AB59CC8005D0490 /* Modern-IOS-Arhitecture.app */;
			productType = "com.apple.product-type.application";
		};
		187F69FE2AB59CCB005D0490 /* Modern-IOS-ArhitectureTests */ = {
			isa = PBXNativeTarget;
			buildConfigurationList = 187F6A162AB59CCB005D0490 /* Build configuration list for PBXNativeTarget "Modern-IOS-ArhitectureTests" */;
			buildPhases = (
				6386F1C87FDDD17915106142 /* [CP] Check Pods Manifest.lock */,
				187F69FB2AB59CCB005D0490 /* Sources */,
				187F69FC2AB59CCB005D0490 /* Frameworks */,
				187F69FD2AB59CCB005D0490 /* Resources */,
			);
			buildRules = (
			);
			dependencies = (
				187F6A012AB59CCB005D0490 /* PBXTargetDependency */,
			);
			name = "Modern-IOS-ArhitectureTests";
			productName = "Modern-IOS-ArhitectureTests";
			productReference = 187F69FF2AB59CCB005D0490 /* Modern-IOS-ArhitectureTests.xctest */;
			productType = "com.apple.product-type.bundle.unit-test";
		};
		187F6A082AB59CCB005D0490 /* Modern-IOS-ArhitectureUITests */ = {
			isa = PBXNativeTarget;
			buildConfigurationList = 187F6A192AB59CCB005D0490 /* Build configuration list for PBXNativeTarget "Modern-IOS-ArhitectureUITests" */;
			buildPhases = (
				FCD8A829B7E98D59518EE4DC /* [CP] Check Pods Manifest.lock */,
				187F6A052AB59CCB005D0490 /* Sources */,
				187F6A062AB59CCB005D0490 /* Frameworks */,
				187F6A072AB59CCB005D0490 /* Resources */,
				E4D2A1FB0B868509DE8D93E5 /* [CP] Embed Pods Frameworks */,
			);
			buildRules = (
			);
			dependencies = (
				187F6A0B2AB59CCB005D0490 /* PBXTargetDependency */,
			);
			name = "Modern-IOS-ArhitectureUITests";
			productName = "Modern-IOS-ArhitectureUITests";
			productReference = 187F6A092AB59CCB005D0490 /* Modern-IOS-ArhitectureUITests.xctest */;
			productType = "com.apple.product-type.bundle.ui-testing";
		};
/* End PBXNativeTarget section */

/* Begin PBXProject section */
		187F69E12AB59CC8005D0490 /* Project object */ = {
			isa = PBXProject;
			attributes = {
				BuildIndependentTargetsInParallel = 1;
				LastSwiftUpdateCheck = 1420;
				LastUpgradeCheck = 1420;
				TargetAttributes = {
					187F69E82AB59CC8005D0490 = {
						CreatedOnToolsVersion = 14.2;
					};
					187F69FE2AB59CCB005D0490 = {
						CreatedOnToolsVersion = 14.2;
						TestTargetID = 187F69E82AB59CC8005D0490;
					};
					187F6A082AB59CCB005D0490 = {
						CreatedOnToolsVersion = 14.2;
						TestTargetID = 187F69E82AB59CC8005D0490;
					};
				};
			};
			buildConfigurationList = 187F69E42AB59CC8005D0490 /* Build configuration list for PBXProject "Modern-IOS-Arhitecture" */;
			compatibilityVersion = "Xcode 13.0";
			developmentRegion = en;
			hasScannedForEncodings = 0;
			knownRegions = (
				en,
				Base,
			);
			mainGroup = 187F69E02AB59CC8005D0490;
			productRefGroup = 187F69EA2AB59CC8005D0490 /* Products */;
			projectDirPath = "";
			projectRoot = "";
			targets = (
				187F69E82AB59CC8005D0490 /* Modern-IOS-Arhitecture */,
				187F69FE2AB59CCB005D0490 /* Modern-IOS-ArhitectureTests */,
				187F6A082AB59CCB005D0490 /* Modern-IOS-ArhitectureUITests */,
			);
		};
/* End PBXProject section */

/* Begin PBXResourcesBuildPhase section */
		187F69E72AB59CC8005D0490 /* Resources */ = {
			isa = PBXResourcesBuildPhase;
			buildActionMask = 2147483647;
			files = (
				18A2609E2AB5C93400836F2B /* MovieDetailVC.xib in Resources */,
				187F69F92AB59CCA005D0490 /* LaunchScreen.storyboard in Resources */,
				18A260872AB5AA8000836F2B /* HomeVC.xib in Resources */,
				187F69F62AB59CCA005D0490 /* Assets.xcassets in Resources */,
				187F69F42AB59CC8005D0490 /* Main.storyboard in Resources */,
				18A260922AB5B15300836F2B /* MovieCell.xib in Resources */,
			);
			runOnlyForDeploymentPostprocessing = 0;
		};
		187F69FD2AB59CCB005D0490 /* Resources */ = {
			isa = PBXResourcesBuildPhase;
			buildActionMask = 2147483647;
			files = (
			);
			runOnlyForDeploymentPostprocessing = 0;
		};
		187F6A072AB59CCB005D0490 /* Resources */ = {
			isa = PBXResourcesBuildPhase;
			buildActionMask = 2147483647;
			files = (
			);
			runOnlyForDeploymentPostprocessing = 0;
		};
/* End PBXResourcesBuildPhase section */

/* Begin PBXShellScriptBuildPhase section */
		3CB9E55E15DAA8561CBED58F /* [CP] Embed Pods Frameworks */ = {
			isa = PBXShellScriptBuildPhase;
			buildActionMask = 2147483647;
			files = (
			);
			inputFileListPaths = (
				"${PODS_ROOT}/Target Support Files/Pods-Modern-IOS-Arhitecture/Pods-Modern-IOS-Arhitecture-frameworks-${CONFIGURATION}-input-files.xcfilelist",
			);
			name = "[CP] Embed Pods Frameworks";
			outputFileListPaths = (
				"${PODS_ROOT}/Target Support Files/Pods-Modern-IOS-Arhitecture/Pods-Modern-IOS-Arhitecture-frameworks-${CONFIGURATION}-output-files.xcfilelist",
			);
			runOnlyForDeploymentPostprocessing = 0;
			shellPath = /bin/sh;
			shellScript = "\"${PODS_ROOT}/Target Support Files/Pods-Modern-IOS-Arhitecture/Pods-Modern-IOS-Arhitecture-frameworks.sh\"\n";
			showEnvVarsInLog = 0;
		};
		6386F1C87FDDD17915106142 /* [CP] Check Pods Manifest.lock */ = {
			isa = PBXShellScriptBuildPhase;
			buildActionMask = 2147483647;
			files = (
			);
			inputFileListPaths = (
			);
			inputPaths = (
				"${PODS_PODFILE_DIR_PATH}/Podfile.lock",
				"${PODS_ROOT}/Manifest.lock",
			);
			name = "[CP] Check Pods Manifest.lock";
			outputFileListPaths = (
			);
			outputPaths = (
				"$(DERIVED_FILE_DIR)/Pods-Modern-IOS-ArhitectureTests-checkManifestLockResult.txt",
			);
			runOnlyForDeploymentPostprocessing = 0;
			shellPath = /bin/sh;
			shellScript = "diff \"${PODS_PODFILE_DIR_PATH}/Podfile.lock\" \"${PODS_ROOT}/Manifest.lock\" > /dev/null\nif [ $? != 0 ] ; then\n    # print error to STDERR\n    echo \"error: The sandbox is not in sync with the Podfile.lock. Run 'pod install' or update your CocoaPods installation.\" >&2\n    exit 1\nfi\n# This output is used by Xcode 'outputs' to avoid re-running this script phase.\necho \"SUCCESS\" > \"${SCRIPT_OUTPUT_FILE_0}\"\n";
			showEnvVarsInLog = 0;
		};
		7CF9EAE7648E38DD507E1AEA /* [CP] Check Pods Manifest.lock */ = {
			isa = PBXShellScriptBuildPhase;
			buildActionMask = 2147483647;
			files = (
			);
			inputFileListPaths = (
			);
			inputPaths = (
				"${PODS_PODFILE_DIR_PATH}/Podfile.lock",
				"${PODS_ROOT}/Manifest.lock",
			);
			name = "[CP] Check Pods Manifest.lock";
			outputFileListPaths = (
			);
			outputPaths = (
				"$(DERIVED_FILE_DIR)/Pods-Modern-IOS-Arhitecture-checkManifestLockResult.txt",
			);
			runOnlyForDeploymentPostprocessing = 0;
			shellPath = /bin/sh;
			shellScript = "diff \"${PODS_PODFILE_DIR_PATH}/Podfile.lock\" \"${PODS_ROOT}/Manifest.lock\" > /dev/null\nif [ $? != 0 ] ; then\n    # print error to STDERR\n    echo \"error: The sandbox is not in sync with the Podfile.lock. Run 'pod install' or update your CocoaPods installation.\" >&2\n    exit 1\nfi\n# This output is used by Xcode 'outputs' to avoid re-running this script phase.\necho \"SUCCESS\" > \"${SCRIPT_OUTPUT_FILE_0}\"\n";
			showEnvVarsInLog = 0;
		};
		E4D2A1FB0B868509DE8D93E5 /* [CP] Embed Pods Frameworks */ = {
			isa = PBXShellScriptBuildPhase;
			buildActionMask = 2147483647;
			files = (
			);
			inputFileListPaths = (
				"${PODS_ROOT}/Target Support Files/Pods-Modern-IOS-Arhitecture-Modern-IOS-ArhitectureUITests/Pods-Modern-IOS-Arhitecture-Modern-IOS-ArhitectureUITests-frameworks-${CONFIGURATION}-input-files.xcfilelist",
			);
			name = "[CP] Embed Pods Frameworks";
			outputFileListPaths = (
				"${PODS_ROOT}/Target Support Files/Pods-Modern-IOS-Arhitecture-Modern-IOS-ArhitectureUITests/Pods-Modern-IOS-Arhitecture-Modern-IOS-ArhitectureUITests-frameworks-${CONFIGURATION}-output-files.xcfilelist",
			);
			runOnlyForDeploymentPostprocessing = 0;
			shellPath = /bin/sh;
			shellScript = "\"${PODS_ROOT}/Target Support Files/Pods-Modern-IOS-Arhitecture-Modern-IOS-ArhitectureUITests/Pods-Modern-IOS-Arhitecture-Modern-IOS-ArhitectureUITests-frameworks.sh\"\n";
			showEnvVarsInLog = 0;
		};
		FCD8A829B7E98D59518EE4DC /* [CP] Check Pods Manifest.lock */ = {
			isa = PBXShellScriptBuildPhase;
			buildActionMask = 2147483647;
			files = (
			);
			inputFileListPaths = (
			);
			inputPaths = (
				"${PODS_PODFILE_DIR_PATH}/Podfile.lock",
				"${PODS_ROOT}/Manifest.lock",
			);
			name = "[CP] Check Pods Manifest.lock";
			outputFileListPaths = (
			);
			outputPaths = (
				"$(DERIVED_FILE_DIR)/Pods-Modern-IOS-Arhitecture-Modern-IOS-ArhitectureUITests-checkManifestLockResult.txt",
			);
			runOnlyForDeploymentPostprocessing = 0;
			shellPath = /bin/sh;
			shellScript = "diff \"${PODS_PODFILE_DIR_PATH}/Podfile.lock\" \"${PODS_ROOT}/Manifest.lock\" > /dev/null\nif [ $? != 0 ] ; then\n    # print error to STDERR\n    echo \"error: The sandbox is not in sync with the Podfile.lock. Run 'pod install' or update your CocoaPods installation.\" >&2\n    exit 1\nfi\n# This output is used by Xcode 'outputs' to avoid re-running this script phase.\necho \"SUCCESS\" > \"${SCRIPT_OUTPUT_FILE_0}\"\n";
			showEnvVarsInLog = 0;
		};
/* End PBXShellScriptBuildPhase section */

/* Begin PBXSourcesBuildPhase section */
		187F69E52AB59CC8005D0490 /* Sources */ = {
			isa = PBXSourcesBuildPhase;
			buildActionMask = 2147483647;
			files = (
				18A260A02AB5C99A00836F2B /* MovieDetailPresenter.swift in Sources */,
				18A260892AB5AADB00836F2B /* HomeModuleBuilder.swift in Sources */,
				18A260972AB5BD6000836F2B /* CustomeImageView.swift in Sources */,
				18A260A62AB5CB4D00836F2B /* HomePresenter.swift in Sources */,
				18A260952AB5BC5E00836F2B /* CardView.swift in Sources */,
				184F7E252AB6025C0054D8B1 /* MovieDAO.swift in Sources */,
				18A260B12AB5CFA000836F2B /* HttpService.swift in Sources */,
				18A260B82AB5D02600836F2B /* MovieService.swift in Sources */,
				18A260B32AB5CFAF00836F2B /* HttpRouter.swift in Sources */,
				18A260C22AB5E47E00836F2B /* ProgressHUD.swift in Sources */,
				18A260A82AB5CB6300836F2B /* HomeRouter.swift in Sources */,
				18A260BA2AB5D09F00836F2B /* MovieHttpRouter.swift in Sources */,
				18A2608C2AB5ABD100836F2B /* NavigationBuilder.swift in Sources */,
				18A260A22AB5C9B800836F2B /* MovieRouter.swift in Sources */,
				18A260BF2AB5D21400836F2B /* MovieModel.swift in Sources */,
				18A260912AB5B15300836F2B /* MovieCell.swift in Sources */,
				18A260B62AB5CFFD00836F2B /* MovieAPIs.swift in Sources */,
				18A260A42AB5CA1F00836F2B /* MovieDetailModuleBuilder.swift in Sources */,
				184F7E232AB6024F0054D8B1 /* MovieRO.swift in Sources */,
				18A2609D2AB5C93400836F2B /* MovieDetailVC.swift in Sources */,
				184F7E1B2AB5E5120054D8B1 /* Config.swift in Sources */,
				18A260862AB5AA8000836F2B /* HomeVC.swift in Sources */,
				187F69ED2AB59CC8005D0490 /* AppDelegate.swift in Sources */,
				184F7E212AB601CF0054D8B1 /* RealmDb.swift in Sources */,
				18A260BD2AB5D0C800836F2B /* MovieHttpService.swift in Sources */,
				187F69EF2AB59CC8005D0490 /* SceneDelegate.swift in Sources */,
				18A260AB2AB5CEFA00836F2B /* MovieIntractor.swift in Sources */,
				187F6A1E2AB59D52005D0490 /* ColorExtension.swift in Sources */,
			);
			runOnlyForDeploymentPostprocessing = 0;
		};
		187F69FB2AB59CCB005D0490 /* Sources */ = {
			isa = PBXSourcesBuildPhase;
			buildActionMask = 2147483647;
			files = (
				187F6A042AB59CCB005D0490 /* Modern_IOS_ArhitectureTests.swift in Sources */,
				184F7E2C2AB626390054D8B1 /* MovieServiceTest.swift in Sources */,
			);
			runOnlyForDeploymentPostprocessing = 0;
		};
		187F6A052AB59CCB005D0490 /* Sources */ = {
			isa = PBXSourcesBuildPhase;
			buildActionMask = 2147483647;
			files = (
				187F6A102AB59CCB005D0490 /* Modern_IOS_ArhitectureUITestsLaunchTests.swift in Sources */,
				187F6A0E2AB59CCB005D0490 /* Modern_IOS_ArhitectureUITests.swift in Sources */,
			);
			runOnlyForDeploymentPostprocessing = 0;
		};
/* End PBXSourcesBuildPhase section */

/* Begin PBXTargetDependency section */
		187F6A012AB59CCB005D0490 /* PBXTargetDependency */ = {
			isa = PBXTargetDependency;
			target = 187F69E82AB59CC8005D0490 /* Modern-IOS-Arhitecture */;
			targetProxy = 187F6A002AB59CCB005D0490 /* PBXContainerItemProxy */;
		};
		187F6A0B2AB59CCB005D0490 /* PBXTargetDependency */ = {
			isa = PBXTargetDependency;
			target = 187F69E82AB59CC8005D0490 /* Modern-IOS-Arhitecture */;
			targetProxy = 187F6A0A2AB59CCB005D0490 /* PBXContainerItemProxy */;
		};
/* End PBXTargetDependency section */

/* Begin PBXVariantGroup section */
		187F69F22AB59CC8005D0490 /* Main.storyboard */ = {
			isa = PBXVariantGroup;
			children = (
				187F69F32AB59CC8005D0490 /* Base */,
			);
			name = Main.storyboard;
			sourceTree = "<group>";
		};
		187F69F72AB59CCA005D0490 /* LaunchScreen.storyboard */ = {
			isa = PBXVariantGroup;
			children = (
				187F69F82AB59CCA005D0490 /* Base */,
			);
			name = LaunchScreen.storyboard;
			sourceTree = "<group>";
		};
/* End PBXVariantGroup section */

/* Begin XCBuildConfiguration section */
		187F6A112AB59CCB005D0490 /* Debug */ = {
			isa = XCBuildConfiguration;
			buildSettings = {
				ALWAYS_SEARCH_USER_PATHS = NO;
				CLANG_ANALYZER_NONNULL = YES;
				CLANG_ANALYZER_NUMBER_OBJECT_CONVERSION = YES_AGGRESSIVE;
				CLANG_CXX_LANGUAGE_STANDARD = "gnu++20";
				CLANG_ENABLE_MODULES = YES;
				CLANG_ENABLE_OBJC_ARC = YES;
				CLANG_ENABLE_OBJC_WEAK = YES;
				CLANG_WARN_BLOCK_CAPTURE_AUTORELEASING = YES;
				CLANG_WARN_BOOL_CONVERSION = YES;
				CLANG_WARN_COMMA = YES;
				CLANG_WARN_CONSTANT_CONVERSION = YES;
				CLANG_WARN_DEPRECATED_OBJC_IMPLEMENTATIONS = YES;
				CLANG_WARN_DIRECT_OBJC_ISA_USAGE = YES_ERROR;
				CLANG_WARN_DOCUMENTATION_COMMENTS = YES;
				CLANG_WARN_EMPTY_BODY = YES;
				CLANG_WARN_ENUM_CONVERSION = YES;
				CLANG_WARN_INFINITE_RECURSION = YES;
				CLANG_WARN_INT_CONVERSION = YES;
				CLANG_WARN_NON_LITERAL_NULL_CONVERSION = YES;
				CLANG_WARN_OBJC_IMPLICIT_RETAIN_SELF = YES;
				CLANG_WARN_OBJC_LITERAL_CONVERSION = YES;
				CLANG_WARN_OBJC_ROOT_CLASS = YES_ERROR;
				CLANG_WARN_QUOTED_INCLUDE_IN_FRAMEWORK_HEADER = YES;
				CLANG_WARN_RANGE_LOOP_ANALYSIS = YES;
				CLANG_WARN_STRICT_PROTOTYPES = YES;
				CLANG_WARN_SUSPICIOUS_MOVE = YES;
				CLANG_WARN_UNGUARDED_AVAILABILITY = YES_AGGRESSIVE;
				CLANG_WARN_UNREACHABLE_CODE = YES;
				CLANG_WARN__DUPLICATE_METHOD_MATCH = YES;
				COPY_PHASE_STRIP = NO;
				DEBUG_INFORMATION_FORMAT = dwarf;
				ENABLE_STRICT_OBJC_MSGSEND = YES;
				ENABLE_TESTABILITY = YES;
				GCC_C_LANGUAGE_STANDARD = gnu11;
				GCC_DYNAMIC_NO_PIC = NO;
				GCC_NO_COMMON_BLOCKS = YES;
				GCC_OPTIMIZATION_LEVEL = 0;
				GCC_PREPROCESSOR_DEFINITIONS = (
					"DEBUG=1",
					"$(inherited)",
				);
				GCC_WARN_64_TO_32_BIT_CONVERSION = YES;
				GCC_WARN_ABOUT_RETURN_TYPE = YES_ERROR;
				GCC_WARN_UNDECLARED_SELECTOR = YES;
				GCC_WARN_UNINITIALIZED_AUTOS = YES_AGGRESSIVE;
				GCC_WARN_UNUSED_FUNCTION = YES;
				GCC_WARN_UNUSED_VARIABLE = YES;
				IPHONEOS_DEPLOYMENT_TARGET = 16.2;
				MTL_ENABLE_DEBUG_INFO = INCLUDE_SOURCE;
				MTL_FAST_MATH = YES;
				ONLY_ACTIVE_ARCH = YES;
				SDKROOT = iphoneos;
				SWIFT_ACTIVE_COMPILATION_CONDITIONS = DEBUG;
				SWIFT_OPTIMIZATION_LEVEL = "-Onone";
			};
			name = Debug;
		};
		187F6A122AB59CCB005D0490 /* Release */ = {
			isa = XCBuildConfiguration;
			buildSettings = {
				ALWAYS_SEARCH_USER_PATHS = NO;
				CLANG_ANALYZER_NONNULL = YES;
				CLANG_ANALYZER_NUMBER_OBJECT_CONVERSION = YES_AGGRESSIVE;
				CLANG_CXX_LANGUAGE_STANDARD = "gnu++20";
				CLANG_ENABLE_MODULES = YES;
				CLANG_ENABLE_OBJC_ARC = YES;
				CLANG_ENABLE_OBJC_WEAK = YES;
				CLANG_WARN_BLOCK_CAPTURE_AUTORELEASING = YES;
				CLANG_WARN_BOOL_CONVERSION = YES;
				CLANG_WARN_COMMA = YES;
				CLANG_WARN_CONSTANT_CONVERSION = YES;
				CLANG_WARN_DEPRECATED_OBJC_IMPLEMENTATIONS = YES;
				CLANG_WARN_DIRECT_OBJC_ISA_USAGE = YES_ERROR;
				CLANG_WARN_DOCUMENTATION_COMMENTS = YES;
				CLANG_WARN_EMPTY_BODY = YES;
				CLANG_WARN_ENUM_CONVERSION = YES;
				CLANG_WARN_INFINITE_RECURSION = YES;
				CLANG_WARN_INT_CONVERSION = YES;
				CLANG_WARN_NON_LITERAL_NULL_CONVERSION = YES;
				CLANG_WARN_OBJC_IMPLICIT_RETAIN_SELF = YES;
				CLANG_WARN_OBJC_LITERAL_CONVERSION = YES;
				CLANG_WARN_OBJC_ROOT_CLASS = YES_ERROR;
				CLANG_WARN_QUOTED_INCLUDE_IN_FRAMEWORK_HEADER = YES;
				CLANG_WARN_RANGE_LOOP_ANALYSIS = YES;
				CLANG_WARN_STRICT_PROTOTYPES = YES;
				CLANG_WARN_SUSPICIOUS_MOVE = YES;
				CLANG_WARN_UNGUARDED_AVAILABILITY = YES_AGGRESSIVE;
				CLANG_WARN_UNREACHABLE_CODE = YES;
				CLANG_WARN__DUPLICATE_METHOD_MATCH = YES;
				COPY_PHASE_STRIP = NO;
				DEBUG_INFORMATION_FORMAT = "dwarf-with-dsym";
				ENABLE_NS_ASSERTIONS = NO;
				ENABLE_STRICT_OBJC_MSGSEND = YES;
				GCC_C_LANGUAGE_STANDARD = gnu11;
				GCC_NO_COMMON_BLOCKS = YES;
				GCC_WARN_64_TO_32_BIT_CONVERSION = YES;
				GCC_WARN_ABOUT_RETURN_TYPE = YES_ERROR;
				GCC_WARN_UNDECLARED_SELECTOR = YES;
				GCC_WARN_UNINITIALIZED_AUTOS = YES_AGGRESSIVE;
				GCC_WARN_UNUSED_FUNCTION = YES;
				GCC_WARN_UNUSED_VARIABLE = YES;
				IPHONEOS_DEPLOYMENT_TARGET = 16.2;
				MTL_ENABLE_DEBUG_INFO = NO;
				MTL_FAST_MATH = YES;
				SDKROOT = iphoneos;
				SWIFT_COMPILATION_MODE = wholemodule;
				SWIFT_OPTIMIZATION_LEVEL = "-O";
				VALIDATE_PRODUCT = YES;
			};
			name = Release;
		};
		187F6A142AB59CCB005D0490 /* Debug */ = {
			isa = XCBuildConfiguration;
			baseConfigurationReference = EF2D70E8CAB55845B114E402 /* Pods-Modern-IOS-Arhitecture.debug.xcconfig */;
			buildSettings = {
				ASSETCATALOG_COMPILER_APPICON_NAME = AppIcon;
				ASSETCATALOG_COMPILER_GLOBAL_ACCENT_COLOR_NAME = AccentColor;
				CODE_SIGN_STYLE = Automatic;
				CURRENT_PROJECT_VERSION = 1;
				DEVELOPMENT_TEAM = ZMRYY6SP7P;
				GENERATE_INFOPLIST_FILE = YES;
				INFOPLIST_FILE = "Modern-IOS-Arhitecture/Info.plist";
				INFOPLIST_KEY_UIApplicationSupportsIndirectInputEvents = YES;
				INFOPLIST_KEY_UILaunchStoryboardName = LaunchScreen.storyboard;
				INFOPLIST_KEY_UIMainStoryboardFile = Main;
				INFOPLIST_KEY_UISupportedInterfaceOrientations_iPad = "UIInterfaceOrientationPortrait UIInterfaceOrientationPortraitUpsideDown UIInterfaceOrientationLandscapeLeft UIInterfaceOrientationLandscapeRight";
				INFOPLIST_KEY_UISupportedInterfaceOrientations_iPhone = "UIInterfaceOrientationPortrait UIInterfaceOrientationLandscapeLeft UIInterfaceOrientationLandscapeRight";
				LD_RUNPATH_SEARCH_PATHS = (
					"$(inherited)",
					"@executable_path/Frameworks",
				);
				MARKETING_VERSION = 1.0;
				PRODUCT_BUNDLE_IDENTIFIER = "mehdi.balti.Modern-IOS-Arhitecture";
				PRODUCT_NAME = "$(TARGET_NAME)";
				SWIFT_EMIT_LOC_STRINGS = YES;
				SWIFT_VERSION = 5.0;
				TARGETED_DEVICE_FAMILY = "1,2";
			};
			name = Debug;
		};
		187F6A152AB59CCB005D0490 /* Release */ = {
			isa = XCBuildConfiguration;
			baseConfigurationReference = 40F13DE9CF5D44CF6BD5505F /* Pods-Modern-IOS-Arhitecture.release.xcconfig */;
			buildSettings = {
				ASSETCATALOG_COMPILER_APPICON_NAME = AppIcon;
				ASSETCATALOG_COMPILER_GLOBAL_ACCENT_COLOR_NAME = AccentColor;
				CODE_SIGN_STYLE = Automatic;
				CURRENT_PROJECT_VERSION = 1;
				DEVELOPMENT_TEAM = ZMRYY6SP7P;
				GENERATE_INFOPLIST_FILE = YES;
				INFOPLIST_FILE = "Modern-IOS-Arhitecture/Info.plist";
				INFOPLIST_KEY_UIApplicationSupportsIndirectInputEvents = YES;
				INFOPLIST_KEY_UILaunchStoryboardName = LaunchScreen.storyboard;
				INFOPLIST_KEY_UIMainStoryboardFile = Main;
				INFOPLIST_KEY_UISupportedInterfaceOrientations_iPad = "UIInterfaceOrientationPortrait UIInterfaceOrientationPortraitUpsideDown UIInterfaceOrientationLandscapeLeft UIInterfaceOrientationLandscapeRight";
				INFOPLIST_KEY_UISupportedInterfaceOrientations_iPhone = "UIInterfaceOrientationPortrait UIInterfaceOrientationLandscapeLeft UIInterfaceOrientationLandscapeRight";
				LD_RUNPATH_SEARCH_PATHS = (
					"$(inherited)",
					"@executable_path/Frameworks",
				);
				MARKETING_VERSION = 1.0;
				PRODUCT_BUNDLE_IDENTIFIER = "mehdi.balti.Modern-IOS-Arhitecture";
				PRODUCT_NAME = "$(TARGET_NAME)";
				SWIFT_EMIT_LOC_STRINGS = YES;
				SWIFT_VERSION = 5.0;
				TARGETED_DEVICE_FAMILY = "1,2";
			};
			name = Release;
		};
		187F6A172AB59CCB005D0490 /* Debug */ = {
			isa = XCBuildConfiguration;
			baseConfigurationReference = A968326ABDD5D0D0FF6237DB /* Pods-Modern-IOS-ArhitectureTests.debug.xcconfig */;
			buildSettings = {
				ALWAYS_EMBED_SWIFT_STANDARD_LIBRARIES = YES;
				BUNDLE_LOADER = "$(TEST_HOST)";
				CODE_SIGN_STYLE = Automatic;
				CURRENT_PROJECT_VERSION = 1;
				DEVELOPMENT_TEAM = ZMRYY6SP7P;
				GENERATE_INFOPLIST_FILE = YES;
				IPHONEOS_DEPLOYMENT_TARGET = 16.2;
				MARKETING_VERSION = 1.0;
				PRODUCT_BUNDLE_IDENTIFIER = "mehdi.balti.Modern-IOS-ArhitectureTests";
				PRODUCT_NAME = "$(TARGET_NAME)";
				SWIFT_EMIT_LOC_STRINGS = NO;
				SWIFT_VERSION = 5.0;
				TARGETED_DEVICE_FAMILY = "1,2";
				TEST_HOST = "$(BUILT_PRODUCTS_DIR)/Modern-IOS-Arhitecture.app/$(BUNDLE_EXECUTABLE_FOLDER_PATH)/Modern-IOS-Arhitecture";
			};
			name = Debug;
		};
		187F6A182AB59CCB005D0490 /* Release */ = {
			isa = XCBuildConfiguration;
			baseConfigurationReference = 707830A08B0044E6F52B0615 /* Pods-Modern-IOS-ArhitectureTests.release.xcconfig */;
			buildSettings = {
				ALWAYS_EMBED_SWIFT_STANDARD_LIBRARIES = YES;
				BUNDLE_LOADER = "$(TEST_HOST)";
				CODE_SIGN_STYLE = Automatic;
				CURRENT_PROJECT_VERSION = 1;
				DEVELOPMENT_TEAM = ZMRYY6SP7P;
				GENERATE_INFOPLIST_FILE = YES;
				IPHONEOS_DEPLOYMENT_TARGET = 16.2;
				MARKETING_VERSION = 1.0;
				PRODUCT_BUNDLE_IDENTIFIER = "mehdi.balti.Modern-IOS-ArhitectureTests";
				PRODUCT_NAME = "$(TARGET_NAME)";
				SWIFT_EMIT_LOC_STRINGS = NO;
				SWIFT_VERSION = 5.0;
				TARGETED_DEVICE_FAMILY = "1,2";
				TEST_HOST = "$(BUILT_PRODUCTS_DIR)/Modern-IOS-Arhitecture.app/$(BUNDLE_EXECUTABLE_FOLDER_PATH)/Modern-IOS-Arhitecture";
			};
			name = Release;
		};
		187F6A1A2AB59CCB005D0490 /* Debug */ = {
			isa = XCBuildConfiguration;
			baseConfigurationReference = E5DBD87957EDCAED4564BF3A /* Pods-Modern-IOS-Arhitecture-Modern-IOS-ArhitectureUITests.debug.xcconfig */;
			buildSettings = {
				ALWAYS_EMBED_SWIFT_STANDARD_LIBRARIES = YES;
				CODE_SIGN_STYLE = Automatic;
				CURRENT_PROJECT_VERSION = 1;
				DEVELOPMENT_TEAM = ZMRYY6SP7P;
				GENERATE_INFOPLIST_FILE = YES;
				MARKETING_VERSION = 1.0;
				PRODUCT_BUNDLE_IDENTIFIER = "mehdi.balti.Modern-IOS-ArhitectureUITests";
				PRODUCT_NAME = "$(TARGET_NAME)";
				SWIFT_EMIT_LOC_STRINGS = NO;
				SWIFT_VERSION = 5.0;
				TARGETED_DEVICE_FAMILY = "1,2";
				TEST_TARGET_NAME = "Modern-IOS-Arhitecture";
			};
			name = Debug;
		};
		187F6A1B2AB59CCB005D0490 /* Release */ = {
			isa = XCBuildConfiguration;
			baseConfigurationReference = 04F2F3A79B7AF3157733FD6E /* Pods-Modern-IOS-Arhitecture-Modern-IOS-ArhitectureUITests.release.xcconfig */;
			buildSettings = {
				ALWAYS_EMBED_SWIFT_STANDARD_LIBRARIES = YES;
				CODE_SIGN_STYLE = Automatic;
				CURRENT_PROJECT_VERSION = 1;
				DEVELOPMENT_TEAM = ZMRYY6SP7P;
				GENERATE_INFOPLIST_FILE = YES;
				MARKETING_VERSION = 1.0;
				PRODUCT_BUNDLE_IDENTIFIER = "mehdi.balti.Modern-IOS-ArhitectureUITests";
				PRODUCT_NAME = "$(TARGET_NAME)";
				SWIFT_EMIT_LOC_STRINGS = NO;
				SWIFT_VERSION = 5.0;
				TARGETED_DEVICE_FAMILY = "1,2";
				TEST_TARGET_NAME = "Modern-IOS-Arhitecture";
			};
			name = Release;
		};
/* End XCBuildConfiguration section */

/* Begin XCConfigurationList section */
		187F69E42AB59CC8005D0490 /* Build configuration list for PBXProject "Modern-IOS-Arhitecture" */ = {
			isa = XCConfigurationList;
			buildConfigurations = (
				187F6A112AB59CCB005D0490 /* Debug */,
				187F6A122AB59CCB005D0490 /* Release */,
			);
			defaultConfigurationIsVisible = 0;
			defaultConfigurationName = Release;
		};
		187F6A132AB59CCB005D0490 /* Build configuration list for PBXNativeTarget "Modern-IOS-Arhitecture" */ = {
			isa = XCConfigurationList;
			buildConfigurations = (
				187F6A142AB59CCB005D0490 /* Debug */,
				187F6A152AB59CCB005D0490 /* Release */,
			);
			defaultConfigurationIsVisible = 0;
			defaultConfigurationName = Release;
		};
		187F6A162AB59CCB005D0490 /* Build configuration list for PBXNativeTarget "Modern-IOS-ArhitectureTests" */ = {
			isa = XCConfigurationList;
			buildConfigurations = (
				187F6A172AB59CCB005D0490 /* Debug */,
				187F6A182AB59CCB005D0490 /* Release */,
			);
			defaultConfigurationIsVisible = 0;
			defaultConfigurationName = Release;
		};
		187F6A192AB59CCB005D0490 /* Build configuration list for PBXNativeTarget "Modern-IOS-ArhitectureUITests" */ = {
			isa = XCConfigurationList;
			buildConfigurations = (
				187F6A1A2AB59CCB005D0490 /* Debug */,
				187F6A1B2AB59CCB005D0490 /* Release */,
			);
			defaultConfigurationIsVisible = 0;
			defaultConfigurationName = Release;
		};
/* End XCConfigurationList section */
	};
	rootObject = 187F69E12AB59CC8005D0490 /* Project object */;
}
